// !$*UTF8*$!
{
	archiveVersion = 1;
	classes = {
	};
	objectVersion = 56;
	objects = {

/* Begin PBXBuildFile section */
		078D06082C1B80E7003AF2D9 /* stoozerApp.swift in Sources */ = {isa = PBXBuildFile; fileRef = 078D06072C1B80E7003AF2D9 /* stoozerApp.swift */; };
		078D060A2C1B80E7003AF2D9 /* ContentView.swift in Sources */ = {isa = PBXBuildFile; fileRef = 078D06092C1B80E7003AF2D9 /* ContentView.swift */; };
		078D060C2C1B80E7003AF2D9 /* Item.swift in Sources */ = {isa = PBXBuildFile; fileRef = 078D060B2C1B80E7003AF2D9 /* Item.swift */; };
		078D060E2C1B80E8003AF2D9 /* Assets.xcassets in Resources */ = {isa = PBXBuildFile; fileRef = 078D060D2C1B80E8003AF2D9 /* Assets.xcassets */; };
		078D06112C1B80E8003AF2D9 /* Preview Assets.xcassets in Resources */ = {isa = PBXBuildFile; fileRef = 078D06102C1B80E8003AF2D9 /* Preview Assets.xcassets */; };
		078D061B2C1B80E8003AF2D9 /* stoozerTests.swift in Sources */ = {isa = PBXBuildFile; fileRef = 078D061A2C1B80E8003AF2D9 /* stoozerTests.swift */; };
		078D06252C1B80E8003AF2D9 /* stoozerUITests.swift in Sources */ = {isa = PBXBuildFile; fileRef = 078D06242C1B80E8003AF2D9 /* stoozerUITests.swift */; };
		078D06272C1B80E8003AF2D9 /* stoozerUITestsLaunchTests.swift in Sources */ = {isa = PBXBuildFile; fileRef = 078D06262C1B80E8003AF2D9 /* stoozerUITestsLaunchTests.swift */; };
/* End PBXBuildFile section */

/* Begin PBXContainerItemProxy section */
		078D06172C1B80E8003AF2D9 /* PBXContainerItemProxy */ = {
			isa = PBXContainerItemProxy;
			containerPortal = 078D05FC2C1B80E7003AF2D9 /* Project object */;
			proxyType = 1;
			remoteGlobalIDString = 078D06032C1B80E7003AF2D9;
			remoteInfo = stoozer;
		};
		078D06212C1B80E8003AF2D9 /* PBXContainerItemProxy */ = {
			isa = PBXContainerItemProxy;
			containerPortal = 078D05FC2C1B80E7003AF2D9 /* Project object */;
			proxyType = 1;
			remoteGlobalIDString = 078D06032C1B80E7003AF2D9;
			remoteInfo = stoozer;
		};
/* End PBXContainerItemProxy section */

/* Begin PBXFileReference section */
		078D06042C1B80E7003AF2D9 /* stoozer.app */ = {isa = PBXFileReference; explicitFileType = wrapper.application; includeInIndex = 0; path = stoozer.app; sourceTree = BUILT_PRODUCTS_DIR; };
		078D06072C1B80E7003AF2D9 /* stoozerApp.swift */ = {isa = PBXFileReference; lastKnownFileType = sourcecode.swift; path = stoozerApp.swift; sourceTree = "<group>"; };
		078D06092C1B80E7003AF2D9 /* ContentView.swift */ = {isa = PBXFileReference; lastKnownFileType = sourcecode.swift; path = ContentView.swift; sourceTree = "<group>"; };
		078D060B2C1B80E7003AF2D9 /* Item.swift */ = {isa = PBXFileReference; lastKnownFileType = sourcecode.swift; path = Item.swift; sourceTree = "<group>"; };
		078D060D2C1B80E8003AF2D9 /* Assets.xcassets */ = {isa = PBXFileReference; lastKnownFileType = folder.assetcatalog; path = Assets.xcassets; sourceTree = "<group>"; };
		078D06102C1B80E8003AF2D9 /* Preview Assets.xcassets */ = {isa = PBXFileReference; lastKnownFileType = folder.assetcatalog; path = "Preview Assets.xcassets"; sourceTree = "<group>"; };
		078D06162C1B80E8003AF2D9 /* stoozerTests.xctest */ = {isa = PBXFileReference; explicitFileType = wrapper.cfbundle; includeInIndex = 0; path = stoozerTests.xctest; sourceTree = BUILT_PRODUCTS_DIR; };
		078D061A2C1B80E8003AF2D9 /* stoozerTests.swift */ = {isa = PBXFileReference; lastKnownFileType = sourcecode.swift; path = stoozerTests.swift; sourceTree = "<group>"; };
		078D06202C1B80E8003AF2D9 /* stoozerUITests.xctest */ = {isa = PBXFileReference; explicitFileType = wrapper.cfbundle; includeInIndex = 0; path = stoozerUITests.xctest; sourceTree = BUILT_PRODUCTS_DIR; };
		078D06242C1B80E8003AF2D9 /* stoozerUITests.swift */ = {isa = PBXFileReference; lastKnownFileType = sourcecode.swift; path = stoozerUITests.swift; sourceTree = "<group>"; };
		078D06262C1B80E8003AF2D9 /* stoozerUITestsLaunchTests.swift */ = {isa = PBXFileReference; lastKnownFileType = sourcecode.swift; path = stoozerUITestsLaunchTests.swift; sourceTree = "<group>"; };
/* End PBXFileReference section */

/* Begin PBXFrameworksBuildPhase section */
		078D06012C1B80E7003AF2D9 /* Frameworks */ = {
			isa = PBXFrameworksBuildPhase;
			buildActionMask = 2147483647;
			files = (
			);
			runOnlyForDeploymentPostprocessing = 0;
		};
		078D06132C1B80E8003AF2D9 /* Frameworks */ = {
			isa = PBXFrameworksBuildPhase;
			buildActionMask = 2147483647;
			files = (
			);
			runOnlyForDeploymentPostprocessing = 0;
		};
		078D061D2C1B80E8003AF2D9 /* Frameworks */ = {
			isa = PBXFrameworksBuildPhase;
			buildActionMask = 2147483647;
			files = (
			);
			runOnlyForDeploymentPostprocessing = 0;
		};
/* End PBXFrameworksBuildPhase section */

/* Begin PBXGroup section */
		078D05FB2C1B80E7003AF2D9 = {
			isa = PBXGroup;
			children = (
				078D06062C1B80E7003AF2D9 /* stoozer */,
				078D06192C1B80E8003AF2D9 /* stoozerTests */,
				078D06232C1B80E8003AF2D9 /* stoozerUITests */,
				078D06052C1B80E7003AF2D9 /* Products */,
			);
			sourceTree = "<group>";
		};
		078D06052C1B80E7003AF2D9 /* Products */ = {
			isa = PBXGroup;
			children = (
				078D06042C1B80E7003AF2D9 /* stoozer.app */,
				078D06162C1B80E8003AF2D9 /* stoozerTests.xctest */,
				078D06202C1B80E8003AF2D9 /* stoozerUITests.xctest */,
			);
			name = Products;
			sourceTree = "<group>";
		};
		078D06062C1B80E7003AF2D9 /* stoozer */ = {
			isa = PBXGroup;
			children = (
				078D06072C1B80E7003AF2D9 /* stoozerApp.swift */,
				078D06092C1B80E7003AF2D9 /* ContentView.swift */,
				078D060B2C1B80E7003AF2D9 /* Item.swift */,
				078D060D2C1B80E8003AF2D9 /* Assets.xcassets */,
				078D060F2C1B80E8003AF2D9 /* Preview Content */,
			);
			path = stoozer;
			sourceTree = "<group>";
		};
		078D060F2C1B80E8003AF2D9 /* Preview Content */ = {
			isa = PBXGroup;
			children = (
				078D06102C1B80E8003AF2D9 /* Preview Assets.xcassets */,
			);
			path = "Preview Content";
			sourceTree = "<group>";
		};
		078D06192C1B80E8003AF2D9 /* stoozerTests */ = {
			isa = PBXGroup;
			children = (
				078D061A2C1B80E8003AF2D9 /* stoozerTests.swift */,
			);
			path = stoozerTests;
			sourceTree = "<group>";
		};
		078D06232C1B80E8003AF2D9 /* stoozerUITests */ = {
			isa = PBXGroup;
			children = (
				078D06242C1B80E8003AF2D9 /* stoozerUITests.swift */,
				078D06262C1B80E8003AF2D9 /* stoozerUITestsLaunchTests.swift */,
			);
			path = stoozerUITests;
			sourceTree = "<group>";
		};
/* End PBXGroup section */

/* Begin PBXNativeTarget section */
		078D06032C1B80E7003AF2D9 /* stoozer */ = {
			isa = PBXNativeTarget;
			buildConfigurationList = 078D062A2C1B80E8003AF2D9 /* Build configuration list for PBXNativeTarget "stoozer" */;
			buildPhases = (
				078D06002C1B80E7003AF2D9 /* Sources */,
				078D06012C1B80E7003AF2D9 /* Frameworks */,
				078D06022C1B80E7003AF2D9 /* Resources */,
			);
			buildRules = (
			);
			dependencies = (
			);
			name = stoozer;
			productName = stoozer;
			productReference = 078D06042C1B80E7003AF2D9 /* stoozer.app */;
			productType = "com.apple.product-type.application";
		};
		078D06152C1B80E8003AF2D9 /* stoozerTests */ = {
			isa = PBXNativeTarget;
			buildConfigurationList = 078D062D2C1B80E8003AF2D9 /* Build configuration list for PBXNativeTarget "stoozerTests" */;
			buildPhases = (
				078D06122C1B80E8003AF2D9 /* Sources */,
				078D06132C1B80E8003AF2D9 /* Frameworks */,
				078D06142C1B80E8003AF2D9 /* Resources */,
			);
			buildRules = (
			);
			dependencies = (
				078D06182C1B80E8003AF2D9 /* PBXTargetDependency */,
			);
			name = stoozerTests;
			productName = stoozerTests;
			productReference = 078D06162C1B80E8003AF2D9 /* stoozerTests.xctest */;
			productType = "com.apple.product-type.bundle.unit-test";
		};
		078D061F2C1B80E8003AF2D9 /* stoozerUITests */ = {
			isa = PBXNativeTarget;
			buildConfigurationList = 078D06302C1B80E8003AF2D9 /* Build configuration list for PBXNativeTarget "stoozerUITests" */;
			buildPhases = (
				078D061C2C1B80E8003AF2D9 /* Sources */,
				078D061D2C1B80E8003AF2D9 /* Frameworks */,
				078D061E2C1B80E8003AF2D9 /* Resources */,
			);
			buildRules = (
			);
			dependencies = (
				078D06222C1B80E8003AF2D9 /* PBXTargetDependency */,
			);
			name = stoozerUITests;
			productName = stoozerUITests;
			productReference = 078D06202C1B80E8003AF2D9 /* stoozerUITests.xctest */;
			productType = "com.apple.product-type.bundle.ui-testing";
		};
/* End PBXNativeTarget section */

/* Begin PBXProject section */
		078D05FC2C1B80E7003AF2D9 /* Project object */ = {
			isa = PBXProject;
			attributes = {
				BuildIndependentTargetsInParallel = 1;
				LastSwiftUpdateCheck = 1540;
				LastUpgradeCheck = 1540;
				TargetAttributes = {
					078D06032C1B80E7003AF2D9 = {
						CreatedOnToolsVersion = 15.4;
					};
					078D06152C1B80E8003AF2D9 = {
						CreatedOnToolsVersion = 15.4;
						TestTargetID = 078D06032C1B80E7003AF2D9;
					};
					078D061F2C1B80E8003AF2D9 = {
						CreatedOnToolsVersion = 15.4;
						TestTargetID = 078D06032C1B80E7003AF2D9;
					};
				};
			};
			buildConfigurationList = 078D05FF2C1B80E7003AF2D9 /* Build configuration list for PBXProject "stoozer" */;
			compatibilityVersion = "Xcode 14.0";
			developmentRegion = en;
			hasScannedForEncodings = 0;
			knownRegions = (
				en,
				Base,
			);
			mainGroup = 078D05FB2C1B80E7003AF2D9;
			productRefGroup = 078D06052C1B80E7003AF2D9 /* Products */;
			projectDirPath = "";
			projectRoot = "";
			targets = (
				078D06032C1B80E7003AF2D9 /* stoozer */,
				078D06152C1B80E8003AF2D9 /* stoozerTests */,
				078D061F2C1B80E8003AF2D9 /* stoozerUITests */,
			);
		};
/* End PBXProject section */

/* Begin PBXResourcesBuildPhase section */
		078D06022C1B80E7003AF2D9 /* Resources */ = {
			isa = PBXResourcesBuildPhase;
			buildActionMask = 2147483647;
			files = (
				078D06112C1B80E8003AF2D9 /* Preview Assets.xcassets in Resources */,
				078D060E2C1B80E8003AF2D9 /* Assets.xcassets in Resources */,
			);
			runOnlyForDeploymentPostprocessing = 0;
		};
		078D06142C1B80E8003AF2D9 /* Resources */ = {
			isa = PBXResourcesBuildPhase;
			buildActionMask = 2147483647;
			files = (
			);
			runOnlyForDeploymentPostprocessing = 0;
		};
		078D061E2C1B80E8003AF2D9 /* Resources */ = {
			isa = PBXResourcesBuildPhase;
			buildActionMask = 2147483647;
			files = (
			);
			runOnlyForDeploymentPostprocessing = 0;
		};
/* End PBXResourcesBuildPhase section */

/* Begin PBXSourcesBuildPhase section */
		078D06002C1B80E7003AF2D9 /* Sources */ = {
			isa = PBXSourcesBuildPhase;
			buildActionMask = 2147483647;
			files = (
				078D060A2C1B80E7003AF2D9 /* ContentView.swift in Sources */,
				078D060C2C1B80E7003AF2D9 /* Item.swift in Sources */,
				078D06082C1B80E7003AF2D9 /* stoozerApp.swift in Sources */,
			);
			runOnlyForDeploymentPostprocessing = 0;
		};
		078D06122C1B80E8003AF2D9 /* Sources */ = {
			isa = PBXSourcesBuildPhase;
			buildActionMask = 2147483647;
			files = (
				078D061B2C1B80E8003AF2D9 /* stoozerTests.swift in Sources */,
			);
			runOnlyForDeploymentPostprocessing = 0;
		};
		078D061C2C1B80E8003AF2D9 /* Sources */ = {
			isa = PBXSourcesBuildPhase;
			buildActionMask = 2147483647;
			files = (
				078D06252C1B80E8003AF2D9 /* stoozerUITests.swift in Sources */,
				078D06272C1B80E8003AF2D9 /* stoozerUITestsLaunchTests.swift in Sources */,
			);
			runOnlyForDeploymentPostprocessing = 0;
		};
/* End PBXSourcesBuildPhase section */

/* Begin PBXTargetDependency section */
		078D06182C1B80E8003AF2D9 /* PBXTargetDependency */ = {
			isa = PBXTargetDependency;
			target = 078D06032C1B80E7003AF2D9 /* stoozer */;
			targetProxy = 078D06172C1B80E8003AF2D9 /* PBXContainerItemProxy */;
		};
		078D06222C1B80E8003AF2D9 /* PBXTargetDependency */ = {
			isa = PBXTargetDependency;
			target = 078D06032C1B80E7003AF2D9 /* stoozer */;
			targetProxy = 078D06212C1B80E8003AF2D9 /* PBXContainerItemProxy */;
		};
/* End PBXTargetDependency section */

/* Begin XCBuildConfiguration section */
		078D06282C1B80E8003AF2D9 /* Debug */ = {
			isa = XCBuildConfiguration;
			buildSettings = {
				ALWAYS_SEARCH_USER_PATHS = NO;
				ASSETCATALOG_COMPILER_GENERATE_SWIFT_ASSET_SYMBOL_EXTENSIONS = YES;
				CLANG_ANALYZER_NONNULL = YES;
				CLANG_ANALYZER_NUMBER_OBJECT_CONVERSION = YES_AGGRESSIVE;
				CLANG_CXX_LANGUAGE_STANDARD = "gnu++20";
				CLANG_ENABLE_MODULES = YES;
				CLANG_ENABLE_OBJC_ARC = YES;
				CLANG_ENABLE_OBJC_WEAK = YES;
				CLANG_WARN_BLOCK_CAPTURE_AUTORELEASING = YES;
				CLANG_WARN_BOOL_CONVERSION = YES;
				CLANG_WARN_COMMA = YES;
				CLANG_WARN_CONSTANT_CONVERSION = YES;
				CLANG_WARN_DEPRECATED_OBJC_IMPLEMENTATIONS = YES;
				CLANG_WARN_DIRECT_OBJC_ISA_USAGE = YES_ERROR;
				CLANG_WARN_DOCUMENTATION_COMMENTS = YES;
				CLANG_WARN_EMPTY_BODY = YES;
				CLANG_WARN_ENUM_CONVERSION = YES;
				CLANG_WARN_INFINITE_RECURSION = YES;
				CLANG_WARN_INT_CONVERSION = YES;
				CLANG_WARN_NON_LITERAL_NULL_CONVERSION = YES;
				CLANG_WARN_OBJC_IMPLICIT_RETAIN_SELF = YES;
				CLANG_WARN_OBJC_LITERAL_CONVERSION = YES;
				CLANG_WARN_OBJC_ROOT_CLASS = YES_ERROR;
				CLANG_WARN_QUOTED_INCLUDE_IN_FRAMEWORK_HEADER = YES;
				CLANG_WARN_RANGE_LOOP_ANALYSIS = YES;
				CLANG_WARN_STRICT_PROTOTYPES = YES;
				CLANG_WARN_SUSPICIOUS_MOVE = YES;
				CLANG_WARN_UNGUARDED_AVAILABILITY = YES_AGGRESSIVE;
				CLANG_WARN_UNREACHABLE_CODE = YES;
				CLANG_WARN__DUPLICATE_METHOD_MATCH = YES;
				COPY_PHASE_STRIP = NO;
				DEBUG_INFORMATION_FORMAT = dwarf;
				ENABLE_STRICT_OBJC_MSGSEND = YES;
				ENABLE_TESTABILITY = YES;
				ENABLE_USER_SCRIPT_SANDBOXING = YES;
				GCC_C_LANGUAGE_STANDARD = gnu17;
				GCC_DYNAMIC_NO_PIC = NO;
				GCC_NO_COMMON_BLOCKS = YES;
				GCC_OPTIMIZATION_LEVEL = 0;
				GCC_PREPROCESSOR_DEFINITIONS = (
					"DEBUG=1",
					"$(inherited)",
				);
				GCC_WARN_64_TO_32_BIT_CONVERSION = YES;
				GCC_WARN_ABOUT_RETURN_TYPE = YES_ERROR;
				GCC_WARN_UNDECLARED_SELECTOR = YES;
				GCC_WARN_UNINITIALIZED_AUTOS = YES_AGGRESSIVE;
				GCC_WARN_UNUSED_FUNCTION = YES;
				GCC_WARN_UNUSED_VARIABLE = YES;
				IPHONEOS_DEPLOYMENT_TARGET = 17.5;
				LOCALIZATION_PREFERS_STRING_CATALOGS = YES;
				MTL_ENABLE_DEBUG_INFO = INCLUDE_SOURCE;
				MTL_FAST_MATH = YES;
				ONLY_ACTIVE_ARCH = YES;
				SDKROOT = iphoneos;
				SWIFT_ACTIVE_COMPILATION_CONDITIONS = "DEBUG $(inherited)";
				SWIFT_OPTIMIZATION_LEVEL = "-Onone";
			};
			name = Debug;
		};
		078D06292C1B80E8003AF2D9 /* Release */ = {
			isa = XCBuildConfiguration;
			buildSettings = {
				ALWAYS_SEARCH_USER_PATHS = NO;
				ASSETCATALOG_COMPILER_GENERATE_SWIFT_ASSET_SYMBOL_EXTENSIONS = YES;
				CLANG_ANALYZER_NONNULL = YES;
				CLANG_ANALYZER_NUMBER_OBJECT_CONVERSION = YES_AGGRESSIVE;
				CLANG_CXX_LANGUAGE_STANDARD = "gnu++20";
				CLANG_ENABLE_MODULES = YES;
				CLANG_ENABLE_OBJC_ARC = YES;
				CLANG_ENABLE_OBJC_WEAK = YES;
				CLANG_WARN_BLOCK_CAPTURE_AUTORELEASING = YES;
				CLANG_WARN_BOOL_CONVERSION = YES;
				CLANG_WARN_COMMA = YES;
				CLANG_WARN_CONSTANT_CONVERSION = YES;
				CLANG_WARN_DEPRECATED_OBJC_IMPLEMENTATIONS = YES;
				CLANG_WARN_DIRECT_OBJC_ISA_USAGE = YES_ERROR;
				CLANG_WARN_DOCUMENTATION_COMMENTS = YES;
				CLANG_WARN_EMPTY_BODY = YES;
				CLANG_WARN_ENUM_CONVERSION = YES;
				CLANG_WARN_INFINITE_RECURSION = YES;
				CLANG_WARN_INT_CONVERSION = YES;
				CLANG_WARN_NON_LITERAL_NULL_CONVERSION = YES;
				CLANG_WARN_OBJC_IMPLICIT_RETAIN_SELF = YES;
				CLANG_WARN_OBJC_LITERAL_CONVERSION = YES;
				CLANG_WARN_OBJC_ROOT_CLASS = YES_ERROR;
				CLANG_WARN_QUOTED_INCLUDE_IN_FRAMEWORK_HEADER = YES;
				CLANG_WARN_RANGE_LOOP_ANALYSIS = YES;
				CLANG_WARN_STRICT_PROTOTYPES = YES;
				CLANG_WARN_SUSPICIOUS_MOVE = YES;
				CLANG_WARN_UNGUARDED_AVAILABILITY = YES_AGGRESSIVE;
				CLANG_WARN_UNREACHABLE_CODE = YES;
				CLANG_WARN__DUPLICATE_METHOD_MATCH = YES;
				COPY_PHASE_STRIP = NO;
				DEBUG_INFORMATION_FORMAT = "dwarf-with-dsym";
				ENABLE_NS_ASSERTIONS = NO;
				ENABLE_STRICT_OBJC_MSGSEND = YES;
				ENABLE_USER_SCRIPT_SANDBOXING = YES;
				GCC_C_LANGUAGE_STANDARD = gnu17;
				GCC_NO_COMMON_BLOCKS = YES;
				GCC_WARN_64_TO_32_BIT_CONVERSION = YES;
				GCC_WARN_ABOUT_RETURN_TYPE = YES_ERROR;
				GCC_WARN_UNDECLARED_SELECTOR = YES;
				GCC_WARN_UNINITIALIZED_AUTOS = YES_AGGRESSIVE;
				GCC_WARN_UNUSED_FUNCTION = YES;
				GCC_WARN_UNUSED_VARIABLE = YES;
				IPHONEOS_DEPLOYMENT_TARGET = 17.5;
				LOCALIZATION_PREFERS_STRING_CATALOGS = YES;
				MTL_ENABLE_DEBUG_INFO = NO;
				MTL_FAST_MATH = YES;
				SDKROOT = iphoneos;
				SWIFT_COMPILATION_MODE = wholemodule;
				VALIDATE_PRODUCT = YES;
			};
			name = Release;
		};
		078D062B2C1B80E8003AF2D9 /* Debug */ = {
			isa = XCBuildConfiguration;
			buildSettings = {
				ASSETCATALOG_COMPILER_APPICON_NAME = AppIcon;
				ASSETCATALOG_COMPILER_GLOBAL_ACCENT_COLOR_NAME = AccentColor;
				CODE_SIGN_STYLE = Automatic;
				CURRENT_PROJECT_VERSION = 1;
				DEVELOPMENT_ASSET_PATHS = "\"stoozer/Preview Content\"";
				DEVELOPMENT_TEAM = 4YXXQUP56L;
				ENABLE_PREVIEWS = YES;
				GENERATE_INFOPLIST_FILE = YES;
				INFOPLIST_KEY_UIApplicationSceneManifest_Generation = YES;
				INFOPLIST_KEY_UIApplicationSupportsIndirectInputEvents = YES;
				INFOPLIST_KEY_UILaunchScreen_Generation = YES;
				INFOPLIST_KEY_UISupportedInterfaceOrientations_iPad = "UIInterfaceOrientationPortrait UIInterfaceOrientationPortraitUpsideDown UIInterfaceOrientationLandscapeLeft UIInterfaceOrientationLandscapeRight";
				INFOPLIST_KEY_UISupportedInterfaceOrientations_iPhone = "UIInterfaceOrientationPortrait UIInterfaceOrientationLandscapeLeft UIInterfaceOrientationLandscapeRight";
				LD_RUNPATH_SEARCH_PATHS = (
					"$(inherited)",
					"@executable_path/Frameworks",
				);
				MARKETING_VERSION = 1.0;
				PRODUCT_BUNDLE_IDENTIFIER = me.page.ollie.stoozer;
				PRODUCT_NAME = "$(TARGET_NAME)";
				SWIFT_EMIT_LOC_STRINGS = YES;
				SWIFT_VERSION = 5.0;
				TARGETED_DEVICE_FAMILY = "1,2";
			};
			name = Debug;
		};
		078D062C2C1B80E8003AF2D9 /* Release */ = {
			isa = XCBuildConfiguration;
			buildSettings = {
				ASSETCATALOG_COMPILER_APPICON_NAME = AppIcon;
				ASSETCATALOG_COMPILER_GLOBAL_ACCENT_COLOR_NAME = AccentColor;
				CODE_SIGN_STYLE = Automatic;
				CURRENT_PROJECT_VERSION = 1;
				DEVELOPMENT_ASSET_PATHS = "\"stoozer/Preview Content\"";
				DEVELOPMENT_TEAM = 4YXXQUP56L;
				ENABLE_PREVIEWS = YES;
				GENERATE_INFOPLIST_FILE = YES;
				INFOPLIST_KEY_UIApplicationSceneManifest_Generation = YES;
				INFOPLIST_KEY_UIApplicationSupportsIndirectInputEvents = YES;
				INFOPLIST_KEY_UILaunchScreen_Generation = YES;
				INFOPLIST_KEY_UISupportedInterfaceOrientations_iPad = "UIInterfaceOrientationPortrait UIInterfaceOrientationPortraitUpsideDown UIInterfaceOrientationLandscapeLeft UIInterfaceOrientationLandscapeRight";
				INFOPLIST_KEY_UISupportedInterfaceOrientations_iPhone = "UIInterfaceOrientationPortrait UIInterfaceOrientationLandscapeLeft UIInterfaceOrientationLandscapeRight";
				LD_RUNPATH_SEARCH_PATHS = (
					"$(inherited)",
					"@executable_path/Frameworks",
				);
				MARKETING_VERSION = 1.0;
				PRODUCT_BUNDLE_IDENTIFIER = me.page.ollie.stoozer;
				PRODUCT_NAME = "$(TARGET_NAME)";
				SWIFT_EMIT_LOC_STRINGS = YES;
				SWIFT_VERSION = 5.0;
				TARGETED_DEVICE_FAMILY = "1,2";
			};
			name = Release;
		};
		078D062E2C1B80E8003AF2D9 /* Debug */ = {
			isa = XCBuildConfiguration;
			buildSettings = {
				ALWAYS_EMBED_SWIFT_STANDARD_LIBRARIES = YES;
				BUNDLE_LOADER = "$(TEST_HOST)";
				CODE_SIGN_STYLE = Automatic;
				CURRENT_PROJECT_VERSION = 1;
				DEVELOPMENT_TEAM = 4YXXQUP56L;
				GENERATE_INFOPLIST_FILE = YES;
				IPHONEOS_DEPLOYMENT_TARGET = 17.5;
				MARKETING_VERSION = 1.0;
				PRODUCT_BUNDLE_IDENTIFIER = me.page.ollie.stoozerTests;
				PRODUCT_NAME = "$(TARGET_NAME)";
				SWIFT_EMIT_LOC_STRINGS = NO;
				SWIFT_VERSION = 5.0;
				TARGETED_DEVICE_FAMILY = "1,2";
				TEST_HOST = "$(BUILT_PRODUCTS_DIR)/stoozer.app/$(BUNDLE_EXECUTABLE_FOLDER_PATH)/stoozer";
			};
			name = Debug;
		};
		078D062F2C1B80E8003AF2D9 /* Release */ = {
			isa = XCBuildConfiguration;
			buildSettings = {
				ALWAYS_EMBED_SWIFT_STANDARD_LIBRARIES = YES;
				BUNDLE_LOADER = "$(TEST_HOST)";
				CODE_SIGN_STYLE = Automatic;
				CURRENT_PROJECT_VERSION = 1;
				DEVELOPMENT_TEAM = 4YXXQUP56L;
				GENERATE_INFOPLIST_FILE = YES;
				IPHONEOS_DEPLOYMENT_TARGET = 17.5;
				MARKETING_VERSION = 1.0;
				PRODUCT_BUNDLE_IDENTIFIER = me.page.ollie.stoozerTests;
				PRODUCT_NAME = "$(TARGET_NAME)";
				SWIFT_EMIT_LOC_STRINGS = NO;
				SWIFT_VERSION = 5.0;
				TARGETED_DEVICE_FAMILY = "1,2";
				TEST_HOST = "$(BUILT_PRODUCTS_DIR)/stoozer.app/$(BUNDLE_EXECUTABLE_FOLDER_PATH)/stoozer";
			};
			name = Release;
		};
		078D06312C1B80E8003AF2D9 /* Debug */ = {
			isa = XCBuildConfiguration;
			buildSettings = {
				ALWAYS_EMBED_SWIFT_STANDARD_LIBRARIES = YES;
				CODE_SIGN_STYLE = Automatic;
				CURRENT_PROJECT_VERSION = 1;
				DEVELOPMENT_TEAM = 4YXXQUP56L;
				GENERATE_INFOPLIST_FILE = YES;
				MARKETING_VERSION = 1.0;
				PRODUCT_BUNDLE_IDENTIFIER = me.page.ollie.stoozerUITests;
				PRODUCT_NAME = "$(TARGET_NAME)";
				SWIFT_EMIT_LOC_STRINGS = NO;
				SWIFT_VERSION = 5.0;
				TARGETED_DEVICE_FAMILY = "1,2";
				TEST_TARGET_NAME = stoozer;
			};
			name = Debug;
		};
		078D06322C1B80E8003AF2D9 /* Release */ = {
			isa = XCBuildConfiguration;
			buildSettings = {
				ALWAYS_EMBED_SWIFT_STANDARD_LIBRARIES = YES;
				CODE_SIGN_STYLE = Automatic;
				CURRENT_PROJECT_VERSION = 1;
				DEVELOPMENT_TEAM = 4YXXQUP56L;
				GENERATE_INFOPLIST_FILE = YES;
				MARKETING_VERSION = 1.0;
				PRODUCT_BUNDLE_IDENTIFIER = me.page.ollie.stoozerUITests;
				PRODUCT_NAME = "$(TARGET_NAME)";
				SWIFT_EMIT_LOC_STRINGS = NO;
				SWIFT_VERSION = 5.0;
				TARGETED_DEVICE_FAMILY = "1,2";
				TEST_TARGET_NAME = stoozer;
			};
			name = Release;
		};
/* End XCBuildConfiguration section */

/* Begin XCConfigurationList section */
		078D05FF2C1B80E7003AF2D9 /* Build configuration list for PBXProject "stoozer" */ = {
			isa = XCConfigurationList;
			buildConfigurations = (
				078D06282C1B80E8003AF2D9 /* Debug */,
				078D06292C1B80E8003AF2D9 /* Release */,
			);
			defaultConfigurationIsVisible = 0;
			defaultConfigurationName = Release;
		};
		078D062A2C1B80E8003AF2D9 /* Build configuration list for PBXNativeTarget "stoozer" */ = {
			isa = XCConfigurationList;
			buildConfigurations = (
				078D062B2C1B80E8003AF2D9 /* Debug */,
				078D062C2C1B80E8003AF2D9 /* Release */,
			);
			defaultConfigurationIsVisible = 0;
			defaultConfigurationName = Release;
		};
		078D062D2C1B80E8003AF2D9 /* Build configuration list for PBXNativeTarget "stoozerTests" */ = {
			isa = XCConfigurationList;
			buildConfigurations = (
				078D062E2C1B80E8003AF2D9 /* Debug */,
				078D062F2C1B80E8003AF2D9 /* Release */,
			);
			defaultConfigurationIsVisible = 0;
			defaultConfigurationName = Release;
		};
		078D06302C1B80E8003AF2D9 /* Build configuration list for PBXNativeTarget "stoozerUITests" */ = {
			isa = XCConfigurationList;
			buildConfigurations = (
				078D06312C1B80E8003AF2D9 /* Debug */,
				078D06322C1B80E8003AF2D9 /* Release */,
			);
			defaultConfigurationIsVisible = 0;
			defaultConfigurationName = Release;
		};
/* End XCConfigurationList section */
	};
	rootObject = 078D05FC2C1B80E7003AF2D9 /* Project object */;
}
